
Microsoft Visual Studio Solution File, Format Version 12.00
# Visual Studio Version 16
VisualStudioVersion = 16.0.31205.134
MinimumVisualStudioVersion = 10.0.40219.1
Project("{FAE04EC0-301F-11D3-BF4B-00C04F79EFBC}") = "MeasureTape", "MeasureTape.csproj", "{F1DC581A-1C1D-490B-A470-76E2BC547D7A}"
EndProject
Global
	GlobalSection(SolutionConfigurationPlatforms) = preSolution
		Debug|Any CPU = Debug|Any CPU
		Release|Any CPU = Release|Any CPU
	EndGlobalSection
	GlobalSection(ProjectConfigurationPlatforms) = postSolution
		{F1DC581A-1C1D-490B-A470-76E2BC547D7A}.Debug|Any CPU.ActiveCfg = Debug|Any CPU
		{F1DC581A-1C1D-490B-A470-76E2BC547D7A}.Debug|Any CPU.Build.0 = Debug|Any CPU
		{F1DC581A-1C1D-490B-A470-76E2BC547D7A}.Release|Any CPU.ActiveCfg = Release|Any CPU
		{F1DC581A-1C1D-490B-A470-76E2BC547D7A}.Release|Any CPU.Build.0 = Release|Any CPU
	EndGlobalSection
	GlobalSection(SolutionProperties) = preSolution
		HideSolutionNode = FALSE
	EndGlobalSection
	GlobalSection(ExtensibilityGlobals) = postSolution
		SolutionGuid = {BCA3AA45-B515-4534-9364-94C29ED09E64}
	EndGlobalSection
EndGlobal
